
Microsoft Visual Studio Solution File, Format Version 12.00
# Visual Studio Version 17
VisualStudioVersion = 17.11.35208.52
MinimumVisualStudioVersion = 10.0.40219.1
Project("{FAE04EC0-301F-11D3-BF4B-00C04F79EFBC}") = "router_device_details", "router_device_details\router_device_details.csproj", "{C90E0659-9966-4D15-BE12-F8B5AA0BBD2C}"
EndProject
Global
	GlobalSection(SolutionConfigurationPlatforms) = preSolution
		Debug|Any CPU = Debug|Any CPU
		Release|Any CPU = Release|Any CPU
	EndGlobalSection
	GlobalSection(ProjectConfigurationPlatforms) = postSolution
		{C90E0659-9966-4D15-BE12-F8B5AA0BBD2C}.Debug|Any CPU.ActiveCfg = Debug|Any CPU
		{C90E0659-9966-4D15-BE12-F8B5AA0BBD2C}.Debug|Any CPU.Build.0 = Debug|Any CPU
		{C90E0659-9966-4D15-BE12-F8B5AA0BBD2C}.Release|Any CPU.ActiveCfg = Release|Any CPU
		{C90E0659-9966-4D15-BE12-F8B5AA0BBD2C}.Release|Any CPU.Build.0 = Release|Any CPU
	EndGlobalSection
	GlobalSection(SolutionProperties) = preSolution
		HideSolutionNode = FALSE
	EndGlobalSection
	GlobalSection(ExtensibilityGlobals) = postSolution
		SolutionGuid = {B8000D60-43F1-4724-8359-DFD9E2AE8335}
	EndGlobalSection
EndGlobal
